
Microsoft Visual Studio Solution File, Format Version 12.00
# Visual Studio Version 17
VisualStudioVersion = 17.8.34408.163
MinimumVisualStudioVersion = 10.0.40219.1
Project("{FAE04EC0-301F-11D3-BF4B-00C04F79EFBC}") = "Ilisan_Iosif_Alexandru_Lab2", "Ilisan_Iosif_Alexandru_Lab2.csproj", "{6B4D545E-879A-4E94-8D3F-6AFEA900476A}"
EndProject
Global
	GlobalSection(SolutionConfigurationPlatforms) = preSolution
		Debug|Any CPU = Debug|Any CPU
		Release|Any CPU = Release|Any CPU
	EndGlobalSection
	GlobalSection(ProjectConfigurationPlatforms) = postSolution
		{6B4D545E-879A-4E94-8D3F-6AFEA900476A}.Debug|Any CPU.ActiveCfg = Debug|Any CPU
		{6B4D545E-879A-4E94-8D3F-6AFEA900476A}.Debug|Any CPU.Build.0 = Debug|Any CPU
		{6B4D545E-879A-4E94-8D3F-6AFEA900476A}.Release|Any CPU.ActiveCfg = Release|Any CPU
		{6B4D545E-879A-4E94-8D3F-6AFEA900476A}.Release|Any CPU.Build.0 = Release|Any CPU
	EndGlobalSection
	GlobalSection(SolutionProperties) = preSolution
		HideSolutionNode = FALSE
	EndGlobalSection
	GlobalSection(ExtensibilityGlobals) = postSolution
		SolutionGuid = {A9CC74A2-AB34-45CE-B259-6752520DF721}
	EndGlobalSection
EndGlobal
